
Microsoft Visual Studio Solution File, Format Version 12.00
# Visual Studio Version 16
VisualStudioVersion = 16.0.29411.108
MinimumVisualStudioVersion = 10.0.40219.1
Project("{FAE04EC0-301F-11D3-BF4B-00C04F79EFBC}") = "BracketGenerator", "BracketGenerator\BracketGenerator.csproj", "{A0847A5F-EA91-4488-849B-62AA509D633C}"
EndProject
Global
	GlobalSection(SolutionConfigurationPlatforms) = preSolution
		Debug|Any CPU = Debug|Any CPU
		Release|Any CPU = Release|Any CPU
	EndGlobalSection
	GlobalSection(ProjectConfigurationPlatforms) = postSolution
		{A0847A5F-EA91-4488-849B-62AA509D633C}.Debug|Any CPU.ActiveCfg = Debug|Any CPU
		{A0847A5F-EA91-4488-849B-62AA509D633C}.Debug|Any CPU.Build.0 = Debug|Any CPU
		{A0847A5F-EA91-4488-849B-62AA509D633C}.Release|Any CPU.ActiveCfg = Release|Any CPU
		{A0847A5F-EA91-4488-849B-62AA509D633C}.Release|Any CPU.Build.0 = Release|Any CPU
	EndGlobalSection
	GlobalSection(SolutionProperties) = preSolution
		HideSolutionNode = FALSE
	EndGlobalSection
	GlobalSection(ExtensibilityGlobals) = postSolution
		SolutionGuid = {DC0DA5D3-ADB0-42E0-A705-78C90B72B13F}
	EndGlobalSection
EndGlobal
